# @generated by Move, please check-in and do not edit manually.

[move]
version = 0
manifest_digest = "923CECD093DDB156C8450FEB0E3D5E8FFD2D8D30613E141DCFD8A8A38EE207A8"
deps_digest = "112928C94A84031C09CD9B9D1D44B149B73FC0EEA5FA8D8B2D7CA4D91936335A"

dependencies = [
  { name = "Sui" },
]

[[move.package]]
name = "MoveStdlib"
source = { local = "/Users/tangaoyuan/Documents/gopath/src/github.com/mystenlabs/sui/crates/sui-framework/packages/move-stdlib" }

[[move.package]]
name = "Sui"
source = { local = "/Users/tangaoyuan/Documents/gopath/src/github.com/mystenlabs/sui/crates/sui-framework/packages/sui-framework" }

dependencies = [
  { name = "MoveStdlib" },
]
